<Solution>
  <Folder Name="/Code/">
    <Project Path="SquadDemos.GHCopilot/SquadDemos.GHCopilot.csproj" />
    <Project Path="SquadDemos.SquadHello/SquadDemos.SquadHello.csproj" />
    <Project Path="SquadDemos.Web.CopilotDynamicModule/SquadDemos.Web.CopilotDynamicModule.csproj" />
  </Folder>
  <Folder Name="/Tests/">
    <Project Path="SquadDemos.GHCopilot.Tests/SquadDemos.GHCopilot.Tests.csproj" />
    <Project Path="SquadDemos.SquadHello.Tests/SquadDemos.SquadHello.Tests.csproj" />
    <Project Path="SquadDemos.Web.CopilotDynamicModule.Tests/SquadDemos.Web.CopilotDynamicModule.Tests.csproj" />
  </Folder>
</Solution>
